// !$*UTF8*$!
{
	archiveVersion = 1;
	classes = {
	};
	objectVersion = 55;
	objects = {

/* Begin PBXBuildFile section */
		34C610292815925A0079B5D7 /* AppDelegate.swift in Sources */ = {isa = PBXBuildFile; fileRef = 34C610282815925A0079B5D7 /* AppDelegate.swift */; };
		34C6102B2815925A0079B5D7 /* SceneDelegate.swift in Sources */ = {isa = PBXBuildFile; fileRef = 34C6102A2815925A0079B5D7 /* SceneDelegate.swift */; };
		34C6102D2815925A0079B5D7 /* ViewController.swift in Sources */ = {isa = PBXBuildFile; fileRef = 34C6102C2815925A0079B5D7 /* ViewController.swift */; };
		34C610302815925A0079B5D7 /* Main.storyboard in Resources */ = {isa = PBXBuildFile; fileRef = 34C6102E2815925A0079B5D7 /* Main.storyboard */; };
		34C610322815925C0079B5D7 /* Assets.xcassets in Resources */ = {isa = PBXBuildFile; fileRef = 34C610312815925C0079B5D7 /* Assets.xcassets */; };
		34C610352815925C0079B5D7 /* LaunchScreen.storyboard in Resources */ = {isa = PBXBuildFile; fileRef = 34C610332815925C0079B5D7 /* LaunchScreen.storyboard */; };
		34C610402815925C0079B5D7 /* MVP_API_DemoTests.swift in Sources */ = {isa = PBXBuildFile; fileRef = 34C6103F2815925C0079B5D7 /* MVP_API_DemoTests.swift */; };
		34C6104A2815925C0079B5D7 /* MVP_API_DemoUITests.swift in Sources */ = {isa = PBXBuildFile; fileRef = 34C610492815925C0079B5D7 /* MVP_API_DemoUITests.swift */; };
		34C6104C2815925C0079B5D7 /* MVP_API_DemoUITestsLaunchTests.swift in Sources */ = {isa = PBXBuildFile; fileRef = 34C6104B2815925C0079B5D7 /* MVP_API_DemoUITestsLaunchTests.swift */; };
/* End PBXBuildFile section */

/* Begin PBXContainerItemProxy section */
		34C6103C2815925C0079B5D7 /* PBXContainerItemProxy */ = {
			isa = PBXContainerItemProxy;
			containerPortal = 34C6101D2815925A0079B5D7 /* Project object */;
			proxyType = 1;
			remoteGlobalIDString = 34C610242815925A0079B5D7;
			remoteInfo = "MVP-API-Demo";
		};
		34C610462815925C0079B5D7 /* PBXContainerItemProxy */ = {
			isa = PBXContainerItemProxy;
			containerPortal = 34C6101D2815925A0079B5D7 /* Project object */;
			proxyType = 1;
			remoteGlobalIDString = 34C610242815925A0079B5D7;
			remoteInfo = "MVP-API-Demo";
		};
/* End PBXContainerItemProxy section */

/* Begin PBXFileReference section */
		34C610252815925A0079B5D7 /* MVP-API-Demo.app */ = {isa = PBXFileReference; explicitFileType = wrapper.application; includeInIndex = 0; path = "MVP-API-Demo.app"; sourceTree = BUILT_PRODUCTS_DIR; };
		34C610282815925A0079B5D7 /* AppDelegate.swift */ = {isa = PBXFileReference; lastKnownFileType = sourcecode.swift; path = AppDelegate.swift; sourceTree = "<group>"; };
		34C6102A2815925A0079B5D7 /* SceneDelegate.swift */ = {isa = PBXFileReference; lastKnownFileType = sourcecode.swift; path = SceneDelegate.swift; sourceTree = "<group>"; };
		34C6102C2815925A0079B5D7 /* ViewController.swift */ = {isa = PBXFileReference; lastKnownFileType = sourcecode.swift; path = ViewController.swift; sourceTree = "<group>"; };
		34C6102F2815925A0079B5D7 /* Base */ = {isa = PBXFileReference; lastKnownFileType = file.storyboard; name = Base; path = Base.lproj/Main.storyboard; sourceTree = "<group>"; };
		34C610312815925C0079B5D7 /* Assets.xcassets */ = {isa = PBXFileReference; lastKnownFileType = folder.assetcatalog; path = Assets.xcassets; sourceTree = "<group>"; };
		34C610342815925C0079B5D7 /* Base */ = {isa = PBXFileReference; lastKnownFileType = file.storyboard; name = Base; path = Base.lproj/LaunchScreen.storyboard; sourceTree = "<group>"; };
		34C610362815925C0079B5D7 /* Info.plist */ = {isa = PBXFileReference; lastKnownFileType = text.plist.xml; path = Info.plist; sourceTree = "<group>"; };
		34C6103B2815925C0079B5D7 /* MVP-API-DemoTests.xctest */ = {isa = PBXFileReference; explicitFileType = wrapper.cfbundle; includeInIndex = 0; path = "MVP-API-DemoTests.xctest"; sourceTree = BUILT_PRODUCTS_DIR; };
		34C6103F2815925C0079B5D7 /* MVP_API_DemoTests.swift */ = {isa = PBXFileReference; lastKnownFileType = sourcecode.swift; path = MVP_API_DemoTests.swift; sourceTree = "<group>"; };
		34C610452815925C0079B5D7 /* MVP-API-DemoUITests.xctest */ = {isa = PBXFileReference; explicitFileType = wrapper.cfbundle; includeInIndex = 0; path = "MVP-API-DemoUITests.xctest"; sourceTree = BUILT_PRODUCTS_DIR; };
		34C610492815925C0079B5D7 /* MVP_API_DemoUITests.swift */ = {isa = PBXFileReference; lastKnownFileType = sourcecode.swift; path = MVP_API_DemoUITests.swift; sourceTree = "<group>"; };
		34C6104B2815925C0079B5D7 /* MVP_API_DemoUITestsLaunchTests.swift */ = {isa = PBXFileReference; lastKnownFileType = sourcecode.swift; path = MVP_API_DemoUITestsLaunchTests.swift; sourceTree = "<group>"; };
/* End PBXFileReference section */

/* Begin PBXFrameworksBuildPhase section */
		34C610222815925A0079B5D7 /* Frameworks */ = {
			isa = PBXFrameworksBuildPhase;
			buildActionMask = 2147483647;
			files = (
			);
			runOnlyForDeploymentPostprocessing = 0;
		};
		34C610382815925C0079B5D7 /* Frameworks */ = {
			isa = PBXFrameworksBuildPhase;
			buildActionMask = 2147483647;
			files = (
			);
			runOnlyForDeploymentPostprocessing = 0;
		};
		34C610422815925C0079B5D7 /* Frameworks */ = {
			isa = PBXFrameworksBuildPhase;
			buildActionMask = 2147483647;
			files = (
			);
			runOnlyForDeploymentPostprocessing = 0;
		};
/* End PBXFrameworksBuildPhase section */

/* Begin PBXGroup section */
		34C6101C2815925A0079B5D7 = {
			isa = PBXGroup;
			children = (
				34C610272815925A0079B5D7 /* MVP-API-Demo */,
				34C6103E2815925C0079B5D7 /* MVP-API-DemoTests */,
				34C610482815925C0079B5D7 /* MVP-API-DemoUITests */,
				34C610262815925A0079B5D7 /* Products */,
			);
			sourceTree = "<group>";
		};
		34C610262815925A0079B5D7 /* Products */ = {
			isa = PBXGroup;
			children = (
				34C610252815925A0079B5D7 /* MVP-API-Demo.app */,
				34C6103B2815925C0079B5D7 /* MVP-API-DemoTests.xctest */,
				34C610452815925C0079B5D7 /* MVP-API-DemoUITests.xctest */,
			);
			name = Products;
			sourceTree = "<group>";
		};
		34C610272815925A0079B5D7 /* MVP-API-Demo */ = {
			isa = PBXGroup;
			children = (
				34C610282815925A0079B5D7 /* AppDelegate.swift */,
				34C6102A2815925A0079B5D7 /* SceneDelegate.swift */,
				34C6102C2815925A0079B5D7 /* ViewController.swift */,
				34C6102E2815925A0079B5D7 /* Main.storyboard */,
				34C610312815925C0079B5D7 /* Assets.xcassets */,
				34C610332815925C0079B5D7 /* LaunchScreen.storyboard */,
				34C610362815925C0079B5D7 /* Info.plist */,
			);
			path = "MVP-API-Demo";
			sourceTree = "<group>";
		};
		34C6103E2815925C0079B5D7 /* MVP-API-DemoTests */ = {
			isa = PBXGroup;
			children = (
				34C6103F2815925C0079B5D7 /* MVP_API_DemoTests.swift */,
			);
			path = "MVP-API-DemoTests";
			sourceTree = "<group>";
		};
		34C610482815925C0079B5D7 /* MVP-API-DemoUITests */ = {
			isa = PBXGroup;
			children = (
				34C610492815925C0079B5D7 /* MVP_API_DemoUITests.swift */,
				34C6104B2815925C0079B5D7 /* MVP_API_DemoUITestsLaunchTests.swift */,
			);
			path = "MVP-API-DemoUITests";
			sourceTree = "<group>";
		};
/* End PBXGroup section */

/* Begin PBXNativeTarget section */
		34C610242815925A0079B5D7 /* MVP-API-Demo */ = {
			isa = PBXNativeTarget;
			buildConfigurationList = 34C6104F2815925C0079B5D7 /* Build configuration list for PBXNativeTarget "MVP-API-Demo" */;
			buildPhases = (
				34C610212815925A0079B5D7 /* Sources */,
				34C610222815925A0079B5D7 /* Frameworks */,
				34C610232815925A0079B5D7 /* Resources */,
			);
			buildRules = (
			);
			dependencies = (
			);
			name = "MVP-API-Demo";
			productName = "MVP-API-Demo";
			productReference = 34C610252815925A0079B5D7 /* MVP-API-Demo.app */;
			productType = "com.apple.product-type.application";
		};
		34C6103A2815925C0079B5D7 /* MVP-API-DemoTests */ = {
			isa = PBXNativeTarget;
			buildConfigurationList = 34C610522815925C0079B5D7 /* Build configuration list for PBXNativeTarget "MVP-API-DemoTests" */;
			buildPhases = (
				34C610372815925C0079B5D7 /* Sources */,
				34C610382815925C0079B5D7 /* Frameworks */,
				34C610392815925C0079B5D7 /* Resources */,
			);
			buildRules = (
			);
			dependencies = (
				34C6103D2815925C0079B5D7 /* PBXTargetDependency */,
			);
			name = "MVP-API-DemoTests";
			productName = "MVP-API-DemoTests";
			productReference = 34C6103B2815925C0079B5D7 /* MVP-API-DemoTests.xctest */;
			productType = "com.apple.product-type.bundle.unit-test";
		};
		34C610442815925C0079B5D7 /* MVP-API-DemoUITests */ = {
			isa = PBXNativeTarget;
			buildConfigurationList = 34C610552815925C0079B5D7 /* Build configuration list for PBXNativeTarget "MVP-API-DemoUITests" */;
			buildPhases = (
				34C610412815925C0079B5D7 /* Sources */,
				34C610422815925C0079B5D7 /* Frameworks */,
				34C610432815925C0079B5D7 /* Resources */,
			);
			buildRules = (
			);
			dependencies = (
				34C610472815925C0079B5D7 /* PBXTargetDependency */,
			);
			name = "MVP-API-DemoUITests";
			productName = "MVP-API-DemoUITests";
			productReference = 34C610452815925C0079B5D7 /* MVP-API-DemoUITests.xctest */;
			productType = "com.apple.product-type.bundle.ui-testing";
		};
/* End PBXNativeTarget section */

/* Begin PBXProject section */
		34C6101D2815925A0079B5D7 /* Project object */ = {
			isa = PBXProject;
			attributes = {
				BuildIndependentTargetsInParallel = 1;
				LastSwiftUpdateCheck = 1320;
				LastUpgradeCheck = 1320;
				TargetAttributes = {
					34C610242815925A0079B5D7 = {
						CreatedOnToolsVersion = 13.2.1;
					};
					34C6103A2815925C0079B5D7 = {
						CreatedOnToolsVersion = 13.2.1;
						TestTargetID = 34C610242815925A0079B5D7;
					};
					34C610442815925C0079B5D7 = {
						CreatedOnToolsVersion = 13.2.1;
						TestTargetID = 34C610242815925A0079B5D7;
					};
				};
			};
			buildConfigurationList = 34C610202815925A0079B5D7 /* Build configuration list for PBXProject "MVP-API-Demo" */;
			compatibilityVersion = "Xcode 13.0";
			developmentRegion = en;
			hasScannedForEncodings = 0;
			knownRegions = (
				en,
				Base,
			);
			mainGroup = 34C6101C2815925A0079B5D7;
			productRefGroup = 34C610262815925A0079B5D7 /* Products */;
			projectDirPath = "";
			projectRoot = "";
			targets = (
				34C610242815925A0079B5D7 /* MVP-API-Demo */,
				34C6103A2815925C0079B5D7 /* MVP-API-DemoTests */,
				34C610442815925C0079B5D7 /* MVP-API-DemoUITests */,
			);
		};
/* End PBXProject section */

/* Begin PBXResourcesBuildPhase section */
		34C610232815925A0079B5D7 /* Resources */ = {
			isa = PBXResourcesBuildPhase;
			buildActionMask = 2147483647;
			files = (
				34C610352815925C0079B5D7 /* LaunchScreen.storyboard in Resources */,
				34C610322815925C0079B5D7 /* Assets.xcassets in Resources */,
				34C610302815925A0079B5D7 /* Main.storyboard in Resources */,
			);
			runOnlyForDeploymentPostprocessing = 0;
		};
		34C610392815925C0079B5D7 /* Resources */ = {
			isa = PBXResourcesBuildPhase;
			buildActionMask = 2147483647;
			files = (
			);
			runOnlyForDeploymentPostprocessing = 0;
		};
		34C610432815925C0079B5D7 /* Resources */ = {
			isa = PBXResourcesBuildPhase;
			buildActionMask = 2147483647;
			files = (
			);
			runOnlyForDeploymentPostprocessing = 0;
		};
/* End PBXResourcesBuildPhase section */

/* Begin PBXSourcesBuildPhase section */
		34C610212815925A0079B5D7 /* Sources */ = {
			isa = PBXSourcesBuildPhase;
			buildActionMask = 2147483647;
			files = (
				34C6102D2815925A0079B5D7 /* ViewController.swift in Sources */,
				34C610292815925A0079B5D7 /* AppDelegate.swift in Sources */,
				34C6102B2815925A0079B5D7 /* SceneDelegate.swift in Sources */,
			);
			runOnlyForDeploymentPostprocessing = 0;
		};
		34C610372815925C0079B5D7 /* Sources */ = {
			isa = PBXSourcesBuildPhase;
			buildActionMask = 2147483647;
			files = (
				34C610402815925C0079B5D7 /* MVP_API_DemoTests.swift in Sources */,
			);
			runOnlyForDeploymentPostprocessing = 0;
		};
		34C610412815925C0079B5D7 /* Sources */ = {
			isa = PBXSourcesBuildPhase;
			buildActionMask = 2147483647;
			files = (
				34C6104C2815925C0079B5D7 /* MVP_API_DemoUITestsLaunchTests.swift in Sources */,
				34C6104A2815925C0079B5D7 /* MVP_API_DemoUITests.swift in Sources */,
			);
			runOnlyForDeploymentPostprocessing = 0;
		};
/* End PBXSourcesBuildPhase section */

/* Begin PBXTargetDependency section */
		34C6103D2815925C0079B5D7 /* PBXTargetDependency */ = {
			isa = PBXTargetDependency;
			target = 34C610242815925A0079B5D7 /* MVP-API-Demo */;
			targetProxy = 34C6103C2815925C0079B5D7 /* PBXContainerItemProxy */;
		};
		34C610472815925C0079B5D7 /* PBXTargetDependency */ = {
			isa = PBXTargetDependency;
			target = 34C610242815925A0079B5D7 /* MVP-API-Demo */;
			targetProxy = 34C610462815925C0079B5D7 /* PBXContainerItemProxy */;
		};
/* End PBXTargetDependency section */

/* Begin PBXVariantGroup section */
		34C6102E2815925A0079B5D7 /* Main.storyboard */ = {
			isa = PBXVariantGroup;
			children = (
				34C6102F2815925A0079B5D7 /* Base */,
			);
			name = Main.storyboard;
			sourceTree = "<group>";
		};
		34C610332815925C0079B5D7 /* LaunchScreen.storyboard */ = {
			isa = PBXVariantGroup;
			children = (
				34C610342815925C0079B5D7 /* Base */,
			);
			name = LaunchScreen.storyboard;
			sourceTree = "<group>";
		};
/* End PBXVariantGroup section */

/* Begin XCBuildConfiguration section */
		34C6104D2815925C0079B5D7 /* Debug */ = {
			isa = XCBuildConfiguration;
			buildSettings = {
				ALWAYS_SEARCH_USER_PATHS = NO;
				CLANG_ANALYZER_NONNULL = YES;
				CLANG_ANALYZER_NUMBER_OBJECT_CONVERSION = YES_AGGRESSIVE;
				CLANG_CXX_LANGUAGE_STANDARD = "gnu++17";
				CLANG_CXX_LIBRARY = "libc++";
				CLANG_ENABLE_MODULES = YES;
				CLANG_ENABLE_OBJC_ARC = YES;
				CLANG_ENABLE_OBJC_WEAK = YES;
				CLANG_WARN_BLOCK_CAPTURE_AUTORELEASING = YES;
				CLANG_WARN_BOOL_CONVERSION = YES;
				CLANG_WARN_COMMA = YES;
				CLANG_WARN_CONSTANT_CONVERSION = YES;
				CLANG_WARN_DEPRECATED_OBJC_IMPLEMENTATIONS = YES;
				CLANG_WARN_DIRECT_OBJC_ISA_USAGE = YES_ERROR;
				CLANG_WARN_DOCUMENTATION_COMMENTS = YES;
				CLANG_WARN_EMPTY_BODY = YES;
				CLANG_WARN_ENUM_CONVERSION = YES;
				CLANG_WARN_INFINITE_RECURSION = YES;
				CLANG_WARN_INT_CONVERSION = YES;
				CLANG_WARN_NON_LITERAL_NULL_CONVERSION = YES;
				CLANG_WARN_OBJC_IMPLICIT_RETAIN_SELF = YES;
				CLANG_WARN_OBJC_LITERAL_CONVERSION = YES;
				CLANG_WARN_OBJC_ROOT_CLASS = YES_ERROR;
				CLANG_WARN_QUOTED_INCLUDE_IN_FRAMEWORK_HEADER = YES;
				CLANG_WARN_RANGE_LOOP_ANALYSIS = YES;
				CLANG_WARN_STRICT_PROTOTYPES = YES;
				CLANG_WARN_SUSPICIOUS_MOVE = YES;
				CLANG_WARN_UNGUARDED_AVAILABILITY = YES_AGGRESSIVE;
				CLANG_WARN_UNREACHABLE_CODE = YES;
				CLANG_WARN__DUPLICATE_METHOD_MATCH = YES;
				COPY_PHASE_STRIP = NO;
				DEBUG_INFORMATION_FORMAT = dwarf;
				ENABLE_STRICT_OBJC_MSGSEND = YES;
				ENABLE_TESTABILITY = YES;
				GCC_C_LANGUAGE_STANDARD = gnu11;
				GCC_DYNAMIC_NO_PIC = NO;
				GCC_NO_COMMON_BLOCKS = YES;
				GCC_OPTIMIZATION_LEVEL = 0;
				GCC_PREPROCESSOR_DEFINITIONS = (
					"DEBUG=1",
					"$(inherited)",
				);
				GCC_WARN_64_TO_32_BIT_CONVERSION = YES;
				GCC_WARN_ABOUT_RETURN_TYPE = YES_ERROR;
				GCC_WARN_UNDECLARED_SELECTOR = YES;
				GCC_WARN_UNINITIALIZED_AUTOS = YES_AGGRESSIVE;
				GCC_WARN_UNUSED_FUNCTION = YES;
				GCC_WARN_UNUSED_VARIABLE = YES;
				IPHONEOS_DEPLOYMENT_TARGET = 15.2;
				MTL_ENABLE_DEBUG_INFO = INCLUDE_SOURCE;
				MTL_FAST_MATH = YES;
				ONLY_ACTIVE_ARCH = YES;
				SDKROOT = iphoneos;
				SWIFT_ACTIVE_COMPILATION_CONDITIONS = DEBUG;
				SWIFT_OPTIMIZATION_LEVEL = "-Onone";
			};
			name = Debug;
		};
		34C6104E2815925C0079B5D7 /* Release */ = {
			isa = XCBuildConfiguration;
			buildSettings = {
				ALWAYS_SEARCH_USER_PATHS = NO;
				CLANG_ANALYZER_NONNULL = YES;
				CLANG_ANALYZER_NUMBER_OBJECT_CONVERSION = YES_AGGRESSIVE;
				CLANG_CXX_LANGUAGE_STANDARD = "gnu++17";
				CLANG_CXX_LIBRARY = "libc++";
				CLANG_ENABLE_MODULES = YES;
				CLANG_ENABLE_OBJC_ARC = YES;
				CLANG_ENABLE_OBJC_WEAK = YES;
				CLANG_WARN_BLOCK_CAPTURE_AUTORELEASING = YES;
				CLANG_WARN_BOOL_CONVERSION = YES;
				CLANG_WARN_COMMA = YES;
				CLANG_WARN_CONSTANT_CONVERSION = YES;
				CLANG_WARN_DEPRECATED_OBJC_IMPLEMENTATIONS = YES;
				CLANG_WARN_DIRECT_OBJC_ISA_USAGE = YES_ERROR;
				CLANG_WARN_DOCUMENTATION_COMMENTS = YES;
				CLANG_WARN_EMPTY_BODY = YES;
				CLANG_WARN_ENUM_CONVERSION = YES;
				CLANG_WARN_INFINITE_RECURSION = YES;
				CLANG_WARN_INT_CONVERSION = YES;
				CLANG_WARN_NON_LITERAL_NULL_CONVERSION = YES;
				CLANG_WARN_OBJC_IMPLICIT_RETAIN_SELF = YES;
				CLANG_WARN_OBJC_LITERAL_CONVERSION = YES;
				CLANG_WARN_OBJC_ROOT_CLASS = YES_ERROR;
				CLANG_WARN_QUOTED_INCLUDE_IN_FRAMEWORK_HEADER = YES;
				CLANG_WARN_RANGE_LOOP_ANALYSIS = YES;
				CLANG_WARN_STRICT_PROTOTYPES = YES;
				CLANG_WARN_SUSPICIOUS_MOVE = YES;
				CLANG_WARN_UNGUARDED_AVAILABILITY = YES_AGGRESSIVE;
				CLANG_WARN_UNREACHABLE_CODE = YES;
				CLANG_WARN__DUPLICATE_METHOD_MATCH = YES;
				COPY_PHASE_STRIP = NO;
				DEBUG_INFORMATION_FORMAT = "dwarf-with-dsym";
				ENABLE_NS_ASSERTIONS = NO;
				ENABLE_STRICT_OBJC_MSGSEND = YES;
				GCC_C_LANGUAGE_STANDARD = gnu11;
				GCC_NO_COMMON_BLOCKS = YES;
				GCC_WARN_64_TO_32_BIT_CONVERSION = YES;
				GCC_WARN_ABOUT_RETURN_TYPE = YES_ERROR;
				GCC_WARN_UNDECLARED_SELECTOR = YES;
				GCC_WARN_UNINITIALIZED_AUTOS = YES_AGGRESSIVE;
				GCC_WARN_UNUSED_FUNCTION = YES;
				GCC_WARN_UNUSED_VARIABLE = YES;
				IPHONEOS_DEPLOYMENT_TARGET = 15.2;
				MTL_ENABLE_DEBUG_INFO = NO;
				MTL_FAST_MATH = YES;
				SDKROOT = iphoneos;
				SWIFT_COMPILATION_MODE = wholemodule;
				SWIFT_OPTIMIZATION_LEVEL = "-O";
				VALIDATE_PRODUCT = YES;
			};
			name = Release;
		};
		34C610502815925C0079B5D7 /* Debug */ = {
			isa = XCBuildConfiguration;
			buildSettings = {
				ASSETCATALOG_COMPILER_APPICON_NAME = AppIcon;
				ASSETCATALOG_COMPILER_GLOBAL_ACCENT_COLOR_NAME = AccentColor;
				CODE_SIGN_STYLE = Automatic;
				CURRENT_PROJECT_VERSION = 1;
				GENERATE_INFOPLIST_FILE = YES;
				INFOPLIST_FILE = "MVP-API-Demo/Info.plist";
				INFOPLIST_KEY_UIApplicationSupportsIndirectInputEvents = YES;
				INFOPLIST_KEY_UILaunchStoryboardName = LaunchScreen;
				INFOPLIST_KEY_UIMainStoryboardFile = Main;
				INFOPLIST_KEY_UISupportedInterfaceOrientations_iPad = "UIInterfaceOrientationPortrait UIInterfaceOrientationPortraitUpsideDown UIInterfaceOrientationLandscapeLeft UIInterfaceOrientationLandscapeRight";
				INFOPLIST_KEY_UISupportedInterfaceOrientations_iPhone = "UIInterfaceOrientationPortrait UIInterfaceOrientationLandscapeLeft UIInterfaceOrientationLandscapeRight";
				LD_RUNPATH_SEARCH_PATHS = (
					"$(inherited)",
					"@executable_path/Frameworks",
				);
				MARKETING_VERSION = 1.0;
				PRODUCT_BUNDLE_IDENTIFIER = "com.lana.MVP-API-Demo";
				PRODUCT_NAME = "$(TARGET_NAME)";
				SWIFT_EMIT_LOC_STRINGS = YES;
				SWIFT_VERSION = 5.0;
				TARGETED_DEVICE_FAMILY = "1,2";
			};
			name = Debug;
		};
		34C610512815925C0079B5D7 /* Release */ = {
			isa = XCBuildConfiguration;
			buildSettings = {
				ASSETCATALOG_COMPILER_APPICON_NAME = AppIcon;
				ASSETCATALOG_COMPILER_GLOBAL_ACCENT_COLOR_NAME = AccentColor;
				CODE_SIGN_STYLE = Automatic;
				CURRENT_PROJECT_VERSION = 1;
				GENERATE_INFOPLIST_FILE = YES;
				INFOPLIST_FILE = "MVP-API-Demo/Info.plist";
				INFOPLIST_KEY_UIApplicationSupportsIndirectInputEvents = YES;
				INFOPLIST_KEY_UILaunchStoryboardName = LaunchScreen;
				INFOPLIST_KEY_UIMainStoryboardFile = Main;
				INFOPLIST_KEY_UISupportedInterfaceOrientations_iPad = "UIInterfaceOrientationPortrait UIInterfaceOrientationPortraitUpsideDown UIInterfaceOrientationLandscapeLeft UIInterfaceOrientationLandscapeRight";
				INFOPLIST_KEY_UISupportedInterfaceOrientations_iPhone = "UIInterfaceOrientationPortrait UIInterfaceOrientationLandscapeLeft UIInterfaceOrientationLandscapeRight";
				LD_RUNPATH_SEARCH_PATHS = (
					"$(inherited)",
					"@executable_path/Frameworks",
				);
				MARKETING_VERSION = 1.0;
				PRODUCT_BUNDLE_IDENTIFIER = "com.lana.MVP-API-Demo";
				PRODUCT_NAME = "$(TARGET_NAME)";
				SWIFT_EMIT_LOC_STRINGS = YES;
				SWIFT_VERSION = 5.0;
				TARGETED_DEVICE_FAMILY = "1,2";
			};
			name = Release;
		};
		34C610532815925C0079B5D7 /* Debug */ = {
			isa = XCBuildConfiguration;
			buildSettings = {
				ALWAYS_EMBED_SWIFT_STANDARD_LIBRARIES = YES;
				BUNDLE_LOADER = "$(TEST_HOST)";
				CODE_SIGN_STYLE = Automatic;
				CURRENT_PROJECT_VERSION = 1;
				GENERATE_INFOPLIST_FILE = YES;
				IPHONEOS_DEPLOYMENT_TARGET = 15.2;
				MARKETING_VERSION = 1.0;
				PRODUCT_BUNDLE_IDENTIFIER = "com.lana.MVP-API-DemoTests";
				PRODUCT_NAME = "$(TARGET_NAME)";
				SWIFT_EMIT_LOC_STRINGS = NO;
				SWIFT_VERSION = 5.0;
				TARGETED_DEVICE_FAMILY = "1,2";
				TEST_HOST = "$(BUILT_PRODUCTS_DIR)/MVP-API-Demo.app/MVP-API-Demo";
			};
			name = Debug;
		};
		34C610542815925C0079B5D7 /* Release */ = {
			isa = XCBuildConfiguration;
			buildSettings = {
				ALWAYS_EMBED_SWIFT_STANDARD_LIBRARIES = YES;
				BUNDLE_LOADER = "$(TEST_HOST)";
				CODE_SIGN_STYLE = Automatic;
				CURRENT_PROJECT_VERSION = 1;
				GENERATE_INFOPLIST_FILE = YES;
				IPHONEOS_DEPLOYMENT_TARGET = 15.2;
				MARKETING_VERSION = 1.0;
				PRODUCT_BUNDLE_IDENTIFIER = "com.lana.MVP-API-DemoTests";
				PRODUCT_NAME = "$(TARGET_NAME)";
				SWIFT_EMIT_LOC_STRINGS = NO;
				SWIFT_VERSION = 5.0;
				TARGETED_DEVICE_FAMILY = "1,2";
				TEST_HOST = "$(BUILT_PRODUCTS_DIR)/MVP-API-Demo.app/MVP-API-Demo";
			};
			name = Release;
		};
		34C610562815925C0079B5D7 /* Debug */ = {
			isa = XCBuildConfiguration;
			buildSettings = {
				ALWAYS_EMBED_SWIFT_STANDARD_LIBRARIES = YES;
				CODE_SIGN_STYLE = Automatic;
				CURRENT_PROJECT_VERSION = 1;
				GENERATE_INFOPLIST_FILE = YES;
				MARKETING_VERSION = 1.0;
				PRODUCT_BUNDLE_IDENTIFIER = "com.lana.MVP-API-DemoUITests";
				PRODUCT_NAME = "$(TARGET_NAME)";
				SWIFT_EMIT_LOC_STRINGS = NO;
				SWIFT_VERSION = 5.0;
				TARGETED_DEVICE_FAMILY = "1,2";
				TEST_TARGET_NAME = "MVP-API-Demo";
			};
			name = Debug;
		};
		34C610572815925C0079B5D7 /* Release */ = {
			isa = XCBuildConfiguration;
			buildSettings = {
				ALWAYS_EMBED_SWIFT_STANDARD_LIBRARIES = YES;
				CODE_SIGN_STYLE = Automatic;
				CURRENT_PROJECT_VERSION = 1;
				GENERATE_INFOPLIST_FILE = YES;
				MARKETING_VERSION = 1.0;
				PRODUCT_BUNDLE_IDENTIFIER = "com.lana.MVP-API-DemoUITests";
				PRODUCT_NAME = "$(TARGET_NAME)";
				SWIFT_EMIT_LOC_STRINGS = NO;
				SWIFT_VERSION = 5.0;
				TARGETED_DEVICE_FAMILY = "1,2";
				TEST_TARGET_NAME = "MVP-API-Demo";
			};
			name = Release;
		};
/* End XCBuildConfiguration section */

/* Begin XCConfigurationList section */
		34C610202815925A0079B5D7 /* Build configuration list for PBXProject "MVP-API-Demo" */ = {
			isa = XCConfigurationList;
			buildConfigurations = (
				34C6104D2815925C0079B5D7 /* Debug */,
				34C6104E2815925C0079B5D7 /* Release */,
			);
			defaultConfigurationIsVisible = 0;
			defaultConfigurationName = Release;
		};
		34C6104F2815925C0079B5D7 /* Build configuration list for PBXNativeTarget "MVP-API-Demo" */ = {
			isa = XCConfigurationList;
			buildConfigurations = (
				34C610502815925C0079B5D7 /* Debug */,
				34C610512815925C0079B5D7 /* Release */,
			);
			defaultConfigurationIsVisible = 0;
			defaultConfigurationName = Release;
		};
		34C610522815925C0079B5D7 /* Build configuration list for PBXNativeTarget "MVP-API-DemoTests" */ = {
			isa = XCConfigurationList;
			buildConfigurations = (
				34C610532815925C0079B5D7 /* Debug */,
				34C610542815925C0079B5D7 /* Release */,
			);
			defaultConfigurationIsVisible = 0;
			defaultConfigurationName = Release;
		};
		34C610552815925C0079B5D7 /* Build configuration list for PBXNativeTarget "MVP-API-DemoUITests" */ = {
			isa = XCConfigurationList;
			buildConfigurations = (
				34C610562815925C0079B5D7 /* Debug */,
				34C610572815925C0079B5D7 /* Release */,
			);
			defaultConfigurationIsVisible = 0;
			defaultConfigurationName = Release;
		};
/* End XCConfigurationList section */
	};
	rootObject = 34C6101D2815925A0079B5D7 /* Project object */;
}
